
Microsoft Visual Studio Solution File, Format Version 12.00
# Visual Studio 15
VisualStudioVersion = 15.0.28307.421
MinimumVisualStudioVersion = 10.0.40219.1
Project("{FAE04EC0-301F-11D3-BF4B-00C04F79EFBC}") = "RelicFinder", "RelicFinder\RelicFinder.csproj", "{ABC38396-5115-42B2-9620-76772C6BA996}"
EndProject
Project("{FAE04EC0-301F-11D3-BF4B-00C04F79EFBC}") = "RelicFinder.Models", "RelicFinder.Models\RelicFinder.Models.csproj", "{D16FC262-2FBE-4C04-8A4F-431570951F81}"
EndProject
Project("{FAE04EC0-301F-11D3-BF4B-00C04F79EFBC}") = "RelicFinder.Data", "RelicFinder.Data\RelicFinder.Data.csproj", "{EB2B0C31-1C21-4CFC-8583-FDAA7D69C541}"
EndProject
Global
	GlobalSection(SolutionConfigurationPlatforms) = preSolution
		Debug|Any CPU = Debug|Any CPU
		Release|Any CPU = Release|Any CPU
	EndGlobalSection
	GlobalSection(ProjectConfigurationPlatforms) = postSolution
		{ABC38396-5115-42B2-9620-76772C6BA996}.Debug|Any CPU.ActiveCfg = Debug|Any CPU
		{ABC38396-5115-42B2-9620-76772C6BA996}.Debug|Any CPU.Build.0 = Debug|Any CPU
		{ABC38396-5115-42B2-9620-76772C6BA996}.Release|Any CPU.ActiveCfg = Release|Any CPU
		{ABC38396-5115-42B2-9620-76772C6BA996}.Release|Any CPU.Build.0 = Release|Any CPU
		{D16FC262-2FBE-4C04-8A4F-431570951F81}.Debug|Any CPU.ActiveCfg = Debug|Any CPU
		{D16FC262-2FBE-4C04-8A4F-431570951F81}.Debug|Any CPU.Build.0 = Debug|Any CPU
		{D16FC262-2FBE-4C04-8A4F-431570951F81}.Release|Any CPU.ActiveCfg = Release|Any CPU
		{D16FC262-2FBE-4C04-8A4F-431570951F81}.Release|Any CPU.Build.0 = Release|Any CPU
		{EB2B0C31-1C21-4CFC-8583-FDAA7D69C541}.Debug|Any CPU.ActiveCfg = Debug|Any CPU
		{EB2B0C31-1C21-4CFC-8583-FDAA7D69C541}.Debug|Any CPU.Build.0 = Debug|Any CPU
		{EB2B0C31-1C21-4CFC-8583-FDAA7D69C541}.Release|Any CPU.ActiveCfg = Release|Any CPU
		{EB2B0C31-1C21-4CFC-8583-FDAA7D69C541}.Release|Any CPU.Build.0 = Release|Any CPU
	EndGlobalSection
	GlobalSection(SolutionProperties) = preSolution
		HideSolutionNode = FALSE
	EndGlobalSection
	GlobalSection(ExtensibilityGlobals) = postSolution
		SolutionGuid = {9C20AA43-F006-42BC-83F5-9D1A62018FAB}
	EndGlobalSection
EndGlobal
