
Microsoft Visual Studio Solution File, Format Version 12.00
# Visual Studio 15
VisualStudioVersion = 15.0.28307.102
MinimumVisualStudioVersion = 10.0.40219.1
Project("{FAE04EC0-301F-11D3-BF4B-00C04F79EFBC}") = "P01_OldestFamilyMember", "P01_OldestFamilyMember\P01_OldestFamilyMember.csproj", "{3FAC1AC5-397C-4EDB-8BBE-9B240662E305}"
EndProject
Project("{FAE04EC0-301F-11D3-BF4B-00C04F79EFBC}") = "P02_DateModifier", "P02_DateModifier\P02_DateModifier.csproj", "{7A92C8AC-ACFA-42B4-8983-9EB1D73476B1}"
EndProject
Global
	GlobalSection(SolutionConfigurationPlatforms) = preSolution
		Debug|Any CPU = Debug|Any CPU
		Release|Any CPU = Release|Any CPU
	EndGlobalSection
	GlobalSection(ProjectConfigurationPlatforms) = postSolution
		{3FAC1AC5-397C-4EDB-8BBE-9B240662E305}.Debug|Any CPU.ActiveCfg = Debug|Any CPU
		{3FAC1AC5-397C-4EDB-8BBE-9B240662E305}.Debug|Any CPU.Build.0 = Debug|Any CPU
		{3FAC1AC5-397C-4EDB-8BBE-9B240662E305}.Release|Any CPU.ActiveCfg = Release|Any CPU
		{3FAC1AC5-397C-4EDB-8BBE-9B240662E305}.Release|Any CPU.Build.0 = Release|Any CPU
		{7A92C8AC-ACFA-42B4-8983-9EB1D73476B1}.Debug|Any CPU.ActiveCfg = Debug|Any CPU
		{7A92C8AC-ACFA-42B4-8983-9EB1D73476B1}.Debug|Any CPU.Build.0 = Debug|Any CPU
		{7A92C8AC-ACFA-42B4-8983-9EB1D73476B1}.Release|Any CPU.ActiveCfg = Release|Any CPU
		{7A92C8AC-ACFA-42B4-8983-9EB1D73476B1}.Release|Any CPU.Build.0 = Release|Any CPU
	EndGlobalSection
	GlobalSection(SolutionProperties) = preSolution
		HideSolutionNode = FALSE
	EndGlobalSection
	GlobalSection(ExtensibilityGlobals) = postSolution
		SolutionGuid = {CEE4B3DC-2C74-4CE0-9849-EED4721C1550}
	EndGlobalSection
EndGlobal
