
Microsoft Visual Studio Solution File, Format Version 12.00
# Visual Studio 15
VisualStudioVersion = 15.0.28307.271
MinimumVisualStudioVersion = 10.0.40219.1
Project("{9A19103F-16F7-4668-BE54-9A1E7A4F7556}") = "P03_SalesDatabase.Data.Models", "P03_SalesDatabase.Data.Models\P03_SalesDatabase.Data.Models.csproj", "{C7938F0B-A832-4C9E-BADD-CE637FB8178E}"
EndProject
Project("{9A19103F-16F7-4668-BE54-9A1E7A4F7556}") = "P03_SalesDatabase.Data", "P03_SalesDatabase.Data\P03_SalesDatabase.Data.csproj", "{A115E5EA-5F3F-486C-A3D6-85BC851EB4F7}"
EndProject
Project("{9A19103F-16F7-4668-BE54-9A1E7A4F7556}") = "P03_SalesDatabase", "P03_SalesDatabase\P03_SalesDatabase.csproj", "{2604B1E0-781E-472F-B5CD-1A2BC35223F6}"
EndProject
Global
	GlobalSection(SolutionConfigurationPlatforms) = preSolution
		Debug|Any CPU = Debug|Any CPU
		Release|Any CPU = Release|Any CPU
	EndGlobalSection
	GlobalSection(ProjectConfigurationPlatforms) = postSolution
		{C7938F0B-A832-4C9E-BADD-CE637FB8178E}.Debug|Any CPU.ActiveCfg = Debug|Any CPU
		{C7938F0B-A832-4C9E-BADD-CE637FB8178E}.Debug|Any CPU.Build.0 = Debug|Any CPU
		{C7938F0B-A832-4C9E-BADD-CE637FB8178E}.Release|Any CPU.ActiveCfg = Release|Any CPU
		{C7938F0B-A832-4C9E-BADD-CE637FB8178E}.Release|Any CPU.Build.0 = Release|Any CPU
		{A115E5EA-5F3F-486C-A3D6-85BC851EB4F7}.Debug|Any CPU.ActiveCfg = Debug|Any CPU
		{A115E5EA-5F3F-486C-A3D6-85BC851EB4F7}.Debug|Any CPU.Build.0 = Debug|Any CPU
		{A115E5EA-5F3F-486C-A3D6-85BC851EB4F7}.Release|Any CPU.ActiveCfg = Release|Any CPU
		{A115E5EA-5F3F-486C-A3D6-85BC851EB4F7}.Release|Any CPU.Build.0 = Release|Any CPU
		{2604B1E0-781E-472F-B5CD-1A2BC35223F6}.Debug|Any CPU.ActiveCfg = Debug|Any CPU
		{2604B1E0-781E-472F-B5CD-1A2BC35223F6}.Debug|Any CPU.Build.0 = Debug|Any CPU
		{2604B1E0-781E-472F-B5CD-1A2BC35223F6}.Release|Any CPU.ActiveCfg = Release|Any CPU
		{2604B1E0-781E-472F-B5CD-1A2BC35223F6}.Release|Any CPU.Build.0 = Release|Any CPU
	EndGlobalSection
	GlobalSection(SolutionProperties) = preSolution
		HideSolutionNode = FALSE
	EndGlobalSection
	GlobalSection(ExtensibilityGlobals) = postSolution
		SolutionGuid = {223D40C9-86D8-4A64-BC81-0CA109703195}
	EndGlobalSection
EndGlobal
