
Microsoft Visual Studio Solution File, Format Version 12.00
# Visual Studio 15
VisualStudioVersion = 15.0.28307.102
MinimumVisualStudioVersion = 10.0.40219.1
Project("{FAE04EC0-301F-11D3-BF4B-00C04F79EFBC}") = "00.Demo", "00.Demo\00.Demo.csproj", "{6C47461B-781B-40F2-A33C-0C29320CD864}"
EndProject
Project("{FAE04EC0-301F-11D3-BF4B-00C04F79EFBC}") = "ProjectManagerSoftUni", "ProjectManagerSoftUni\ProjectManagerSoftUni.csproj", "{48A83F08-0678-4398-9BFC-54254968C185}"
EndProject
Global
	GlobalSection(SolutionConfigurationPlatforms) = preSolution
		Debug|Any CPU = Debug|Any CPU
		Release|Any CPU = Release|Any CPU
	EndGlobalSection
	GlobalSection(ProjectConfigurationPlatforms) = postSolution
		{6C47461B-781B-40F2-A33C-0C29320CD864}.Debug|Any CPU.ActiveCfg = Debug|Any CPU
		{6C47461B-781B-40F2-A33C-0C29320CD864}.Debug|Any CPU.Build.0 = Debug|Any CPU
		{6C47461B-781B-40F2-A33C-0C29320CD864}.Release|Any CPU.ActiveCfg = Release|Any CPU
		{6C47461B-781B-40F2-A33C-0C29320CD864}.Release|Any CPU.Build.0 = Release|Any CPU
		{48A83F08-0678-4398-9BFC-54254968C185}.Debug|Any CPU.ActiveCfg = Debug|Any CPU
		{48A83F08-0678-4398-9BFC-54254968C185}.Debug|Any CPU.Build.0 = Debug|Any CPU
		{48A83F08-0678-4398-9BFC-54254968C185}.Release|Any CPU.ActiveCfg = Release|Any CPU
		{48A83F08-0678-4398-9BFC-54254968C185}.Release|Any CPU.Build.0 = Release|Any CPU
	EndGlobalSection
	GlobalSection(SolutionProperties) = preSolution
		HideSolutionNode = FALSE
	EndGlobalSection
	GlobalSection(ExtensibilityGlobals) = postSolution
		SolutionGuid = {4056F522-BE56-4484-ABFD-63256A170F97}
	EndGlobalSection
EndGlobal
