
Microsoft Visual Studio Solution File, Format Version 12.00
# Visual Studio Version 16
VisualStudioVersion = 16.0.31729.503
MinimumVisualStudioVersion = 10.0.40219.1
Project("{9A19103F-16F7-4668-BE54-9A1E7A4F7556}") = "02. Database First", "02. Database First\02. Database First.csproj", "{F7B5C48A-8C79-42EF-9FA1-8CA80EA15B94}"
EndProject
Project("{FAE04EC0-301F-11D3-BF4B-00C04F79EFBC}") = "02. Database First.Tests", "02. Database First.Tests\02. Database First.Tests.csproj", "{3363208E-6BB3-4CF1-A67A-6D87CB8FB041}"
EndProject
Global
	GlobalSection(SolutionConfigurationPlatforms) = preSolution
		Debug|Any CPU = Debug|Any CPU
		Release|Any CPU = Release|Any CPU
	EndGlobalSection
	GlobalSection(ProjectConfigurationPlatforms) = postSolution
		{F7B5C48A-8C79-42EF-9FA1-8CA80EA15B94}.Debug|Any CPU.ActiveCfg = Debug|Any CPU
		{F7B5C48A-8C79-42EF-9FA1-8CA80EA15B94}.Debug|Any CPU.Build.0 = Debug|Any CPU
		{F7B5C48A-8C79-42EF-9FA1-8CA80EA15B94}.Release|Any CPU.ActiveCfg = Release|Any CPU
		{F7B5C48A-8C79-42EF-9FA1-8CA80EA15B94}.Release|Any CPU.Build.0 = Release|Any CPU
		{3363208E-6BB3-4CF1-A67A-6D87CB8FB041}.Debug|Any CPU.ActiveCfg = Debug|Any CPU
		{3363208E-6BB3-4CF1-A67A-6D87CB8FB041}.Debug|Any CPU.Build.0 = Debug|Any CPU
		{3363208E-6BB3-4CF1-A67A-6D87CB8FB041}.Release|Any CPU.ActiveCfg = Release|Any CPU
		{3363208E-6BB3-4CF1-A67A-6D87CB8FB041}.Release|Any CPU.Build.0 = Release|Any CPU
	EndGlobalSection
	GlobalSection(SolutionProperties) = preSolution
		HideSolutionNode = FALSE
	EndGlobalSection
	GlobalSection(ExtensibilityGlobals) = postSolution
		SolutionGuid = {A17E8764-BD4C-4967-9375-04F94D5A7418}
	EndGlobalSection
EndGlobal
