
Microsoft Visual Studio Solution File, Format Version 12.00
# Visual Studio 15
VisualStudioVersion = 15.0.28307.102
MinimumVisualStudioVersion = 10.0.40219.1
Project("{9A19103F-16F7-4668-BE54-9A1E7A4F7556}") = "P01. Define a class Person", "P01. Define a class Person\P01. Define a class Person.csproj", "{FAA92B83-369C-47E5-8AB2-0DCA48E83700}"
EndProject
Project("{9A19103F-16F7-4668-BE54-9A1E7A4F7556}") = "P04_SpeedRacing", "P04_SpeedRacing\P04_SpeedRacing.csproj", "{070724BA-C29C-42FA-A759-D99FD09EBC9E}"
EndProject
Project("{FAE04EC0-301F-11D3-BF4B-00C04F79EFBC}") = "P05_CompanyRoster", "P05_CompanyRoster\P05_CompanyRoster.csproj", "{176A4137-BE5D-458F-9CF2-E3F9050421DD}"
EndProject
Global
	GlobalSection(SolutionConfigurationPlatforms) = preSolution
		Debug|Any CPU = Debug|Any CPU
		Release|Any CPU = Release|Any CPU
	EndGlobalSection
	GlobalSection(ProjectConfigurationPlatforms) = postSolution
		{FAA92B83-369C-47E5-8AB2-0DCA48E83700}.Debug|Any CPU.ActiveCfg = Debug|Any CPU
		{FAA92B83-369C-47E5-8AB2-0DCA48E83700}.Debug|Any CPU.Build.0 = Debug|Any CPU
		{FAA92B83-369C-47E5-8AB2-0DCA48E83700}.Release|Any CPU.ActiveCfg = Release|Any CPU
		{FAA92B83-369C-47E5-8AB2-0DCA48E83700}.Release|Any CPU.Build.0 = Release|Any CPU
		{070724BA-C29C-42FA-A759-D99FD09EBC9E}.Debug|Any CPU.ActiveCfg = Debug|Any CPU
		{070724BA-C29C-42FA-A759-D99FD09EBC9E}.Debug|Any CPU.Build.0 = Debug|Any CPU
		{070724BA-C29C-42FA-A759-D99FD09EBC9E}.Release|Any CPU.ActiveCfg = Release|Any CPU
		{070724BA-C29C-42FA-A759-D99FD09EBC9E}.Release|Any CPU.Build.0 = Release|Any CPU
		{176A4137-BE5D-458F-9CF2-E3F9050421DD}.Debug|Any CPU.ActiveCfg = Debug|Any CPU
		{176A4137-BE5D-458F-9CF2-E3F9050421DD}.Debug|Any CPU.Build.0 = Debug|Any CPU
		{176A4137-BE5D-458F-9CF2-E3F9050421DD}.Release|Any CPU.ActiveCfg = Release|Any CPU
		{176A4137-BE5D-458F-9CF2-E3F9050421DD}.Release|Any CPU.Build.0 = Release|Any CPU
	EndGlobalSection
	GlobalSection(SolutionProperties) = preSolution
		HideSolutionNode = FALSE
	EndGlobalSection
	GlobalSection(ExtensibilityGlobals) = postSolution
		SolutionGuid = {F7534F4D-8663-46A3-A5BC-7224EF16DB91}
	EndGlobalSection
EndGlobal
