
Microsoft Visual Studio Solution File, Format Version 12.00
# Visual Studio 15
VisualStudioVersion = 15.0.28307.329
MinimumVisualStudioVersion = 10.0.40219.1
Project("{9A19103F-16F7-4668-BE54-9A1E7A4F7556}") = "P01_BillsPaymentSystem", "P01_BillsPaymentSystem\P01_BillsPaymentSystem.csproj", "{40A823EC-A988-40F6-8BDB-A25E3198CE31}"
EndProject
Project("{9A19103F-16F7-4668-BE54-9A1E7A4F7556}") = "P01_BillsPaymentSystem.Data", "P01_BillsPaymentSystem.Data\P01_BillsPaymentSystem.Data.csproj", "{B5847C6A-9D24-45EE-AB11-66B2016DC697}"
EndProject
Project("{FAE04EC0-301F-11D3-BF4B-00C04F79EFBC}") = "P01_BillsPaymentSystem.Data.Models", "P01_BillsPaymentSystem.Data.Models\P01_BillsPaymentSystem.Data.Models.csproj", "{1F57CCB7-E324-426E-8DDB-3EABDDC295FB}"
EndProject
Global
	GlobalSection(SolutionConfigurationPlatforms) = preSolution
		Debug|Any CPU = Debug|Any CPU
		Release|Any CPU = Release|Any CPU
	EndGlobalSection
	GlobalSection(ProjectConfigurationPlatforms) = postSolution
		{40A823EC-A988-40F6-8BDB-A25E3198CE31}.Debug|Any CPU.ActiveCfg = Debug|Any CPU
		{40A823EC-A988-40F6-8BDB-A25E3198CE31}.Debug|Any CPU.Build.0 = Debug|Any CPU
		{40A823EC-A988-40F6-8BDB-A25E3198CE31}.Release|Any CPU.ActiveCfg = Release|Any CPU
		{40A823EC-A988-40F6-8BDB-A25E3198CE31}.Release|Any CPU.Build.0 = Release|Any CPU
		{B5847C6A-9D24-45EE-AB11-66B2016DC697}.Debug|Any CPU.ActiveCfg = Debug|Any CPU
		{B5847C6A-9D24-45EE-AB11-66B2016DC697}.Debug|Any CPU.Build.0 = Debug|Any CPU
		{B5847C6A-9D24-45EE-AB11-66B2016DC697}.Release|Any CPU.ActiveCfg = Release|Any CPU
		{B5847C6A-9D24-45EE-AB11-66B2016DC697}.Release|Any CPU.Build.0 = Release|Any CPU
		{1F57CCB7-E324-426E-8DDB-3EABDDC295FB}.Debug|Any CPU.ActiveCfg = Debug|Any CPU
		{1F57CCB7-E324-426E-8DDB-3EABDDC295FB}.Debug|Any CPU.Build.0 = Debug|Any CPU
		{1F57CCB7-E324-426E-8DDB-3EABDDC295FB}.Release|Any CPU.ActiveCfg = Release|Any CPU
		{1F57CCB7-E324-426E-8DDB-3EABDDC295FB}.Release|Any CPU.Build.0 = Release|Any CPU
	EndGlobalSection
	GlobalSection(SolutionProperties) = preSolution
		HideSolutionNode = FALSE
	EndGlobalSection
	GlobalSection(ExtensibilityGlobals) = postSolution
		SolutionGuid = {9FFA756F-4EAF-47FA-8C9B-9759359A2633}
	EndGlobalSection
EndGlobal
