
Microsoft Visual Studio Solution File, Format Version 12.00
# Visual Studio 15
VisualStudioVersion = 15.0.28307.102
MinimumVisualStudioVersion = 10.0.40219.1
Project("{FAE04EC0-301F-11D3-BF4B-00C04F79EFBC}") = "P01_ClassBox", "P01_ClassBox\P01_ClassBox.csproj", "{D39093F0-B35F-4751-97AA-F68B1AD95D84}"
EndProject
Global
	GlobalSection(SolutionConfigurationPlatforms) = preSolution
		Debug|Any CPU = Debug|Any CPU
		Release|Any CPU = Release|Any CPU
	EndGlobalSection
	GlobalSection(ProjectConfigurationPlatforms) = postSolution
		{D39093F0-B35F-4751-97AA-F68B1AD95D84}.Debug|Any CPU.ActiveCfg = Debug|Any CPU
		{D39093F0-B35F-4751-97AA-F68B1AD95D84}.Debug|Any CPU.Build.0 = Debug|Any CPU
		{D39093F0-B35F-4751-97AA-F68B1AD95D84}.Release|Any CPU.ActiveCfg = Release|Any CPU
		{D39093F0-B35F-4751-97AA-F68B1AD95D84}.Release|Any CPU.Build.0 = Release|Any CPU
	EndGlobalSection
	GlobalSection(SolutionProperties) = preSolution
		HideSolutionNode = FALSE
	EndGlobalSection
	GlobalSection(ExtensibilityGlobals) = postSolution
		SolutionGuid = {46156F81-4074-42DA-B4C7-53AE7F44C603}
	EndGlobalSection
EndGlobal
